
Microsoft Visual Studio Solution File, Format Version 12.00
# Visual Studio Version 17
VisualStudioVersion = 17.3.32901.215
MinimumVisualStudioVersion = 10.0.40219.1
Project("{FAE04EC0-301F-11D3-BF4B-00C04F79EFBC}") = "reciWebApp", "reciWebApp\reciWebApp.csproj", "{DE4AC884-F692-40E5-A73B-8A60B38EC345}"
EndProject
Global
	GlobalSection(SolutionConfigurationPlatforms) = preSolution
		Debug|Any CPU = Debug|Any CPU
		Release|Any CPU = Release|Any CPU
	EndGlobalSection
	GlobalSection(ProjectConfigurationPlatforms) = postSolution
		{DE4AC884-F692-40E5-A73B-8A60B38EC345}.Debug|Any CPU.ActiveCfg = Debug|Any CPU
		{DE4AC884-F692-40E5-A73B-8A60B38EC345}.Debug|Any CPU.Build.0 = Debug|Any CPU
		{DE4AC884-F692-40E5-A73B-8A60B38EC345}.Release|Any CPU.ActiveCfg = Release|Any CPU
		{DE4AC884-F692-40E5-A73B-8A60B38EC345}.Release|Any CPU.Build.0 = Release|Any CPU
	EndGlobalSection
	GlobalSection(SolutionProperties) = preSolution
		HideSolutionNode = FALSE
	EndGlobalSection
	GlobalSection(ExtensibilityGlobals) = postSolution
		SolutionGuid = {93E0DC4D-F121-4538-9166-03E641E23997}
	EndGlobalSection
EndGlobal
